
Microsoft Visual Studio Solution File, Format Version 12.00
# Visual Studio Version 17
VisualStudioVersion = 17.13.35825.156 d17.13
MinimumVisualStudioVersion = 10.0.40219.1
Project("{FAE04EC0-301F-11D3-BF4B-00C04F79EFBC}") = "RestfulService", "RestfulService.csproj", "{B829E9E0-A0E1-45A0-B5FF-7E0140E6E55D}"
EndProject
Global
	GlobalSection(SolutionConfigurationPlatforms) = preSolution
		Debug|Any CPU = Debug|Any CPU
		Release|Any CPU = Release|Any CPU
	EndGlobalSection
	GlobalSection(ProjectConfigurationPlatforms) = postSolution
		{B829E9E0-A0E1-45A0-B5FF-7E0140E6E55D}.Debug|Any CPU.ActiveCfg = Debug|Any CPU
		{B829E9E0-A0E1-45A0-B5FF-7E0140E6E55D}.Debug|Any CPU.Build.0 = Debug|Any CPU
		{B829E9E0-A0E1-45A0-B5FF-7E0140E6E55D}.Release|Any CPU.ActiveCfg = Release|Any CPU
		{B829E9E0-A0E1-45A0-B5FF-7E0140E6E55D}.Release|Any CPU.Build.0 = Release|Any CPU
	EndGlobalSection
	GlobalSection(SolutionProperties) = preSolution
		HideSolutionNode = FALSE
	EndGlobalSection
	GlobalSection(ExtensibilityGlobals) = postSolution
		SolutionGuid = {5144D801-AE08-4E0E-B7A4-9EBC080AD840}
	EndGlobalSection
EndGlobal
