
Microsoft Visual Studio Solution File, Format Version 12.00
# Visual Studio Version 17
VisualStudioVersion = 17.12.35707.178 d17.12
MinimumVisualStudioVersion = 10.0.40219.1
Project("{FAE04EC0-301F-11D3-BF4B-00C04F79EFBC}") = "EDD_tech", "EDD_tech\EDD_tech.csproj", "{61A05388-31A1-475E-ADEC-FBA02F33EF91}"
EndProject
Project("{FAE04EC0-301F-11D3-BF4B-00C04F79EFBC}") = "EDDConsoleApp", "EDDConsoleApp\EDDConsoleApp.csproj", "{51EAE337-8A2C-4753-AB8D-1C1BBFC5AFBA}"
EndProject
Project("{FAE04EC0-301F-11D3-BF4B-00C04F79EFBC}") = "Tests", "SystemFacadeTests\Tests.csproj", "{1535BB1B-223B-4432-AE74-1EC8D6C3B2A8}"
EndProject
Global
	GlobalSection(SolutionConfigurationPlatforms) = preSolution
		Debug|Any CPU = Debug|Any CPU
		Release|Any CPU = Release|Any CPU
	EndGlobalSection
	GlobalSection(ProjectConfigurationPlatforms) = postSolution
		{61A05388-31A1-475E-ADEC-FBA02F33EF91}.Debug|Any CPU.ActiveCfg = Debug|Any CPU
		{61A05388-31A1-475E-ADEC-FBA02F33EF91}.Debug|Any CPU.Build.0 = Debug|Any CPU
		{61A05388-31A1-475E-ADEC-FBA02F33EF91}.Release|Any CPU.ActiveCfg = Release|Any CPU
		{61A05388-31A1-475E-ADEC-FBA02F33EF91}.Release|Any CPU.Build.0 = Release|Any CPU
		{51EAE337-8A2C-4753-AB8D-1C1BBFC5AFBA}.Debug|Any CPU.ActiveCfg = Debug|Any CPU
		{51EAE337-8A2C-4753-AB8D-1C1BBFC5AFBA}.Debug|Any CPU.Build.0 = Debug|Any CPU
		{51EAE337-8A2C-4753-AB8D-1C1BBFC5AFBA}.Release|Any CPU.ActiveCfg = Release|Any CPU
		{51EAE337-8A2C-4753-AB8D-1C1BBFC5AFBA}.Release|Any CPU.Build.0 = Release|Any CPU
		{1535BB1B-223B-4432-AE74-1EC8D6C3B2A8}.Debug|Any CPU.ActiveCfg = Debug|Any CPU
		{1535BB1B-223B-4432-AE74-1EC8D6C3B2A8}.Debug|Any CPU.Build.0 = Debug|Any CPU
		{1535BB1B-223B-4432-AE74-1EC8D6C3B2A8}.Release|Any CPU.ActiveCfg = Release|Any CPU
		{1535BB1B-223B-4432-AE74-1EC8D6C3B2A8}.Release|Any CPU.Build.0 = Release|Any CPU
	EndGlobalSection
	GlobalSection(SolutionProperties) = preSolution
		HideSolutionNode = FALSE
	EndGlobalSection
EndGlobal
