
Microsoft Visual Studio Solution File, Format Version 12.00
# Visual Studio Version 17
VisualStudioVersion = 17.11.35312.102
MinimumVisualStudioVersion = 10.0.40219.1
Project("{FAE04EC0-301F-11D3-BF4B-00C04F79EFBC}") = "DockerTutorial", "DockerTutorial\DockerTutorial.csproj", "{2A6C33AD-C90D-4DAB-9DFD-86C7A605014C}"
EndProject
Global
	GlobalSection(SolutionConfigurationPlatforms) = preSolution
		Debug|Any CPU = Debug|Any CPU
		Release|Any CPU = Release|Any CPU
	EndGlobalSection
	GlobalSection(ProjectConfigurationPlatforms) = postSolution
		{2A6C33AD-C90D-4DAB-9DFD-86C7A605014C}.Debug|Any CPU.ActiveCfg = Debug|Any CPU
		{2A6C33AD-C90D-4DAB-9DFD-86C7A605014C}.Debug|Any CPU.Build.0 = Debug|Any CPU
		{2A6C33AD-C90D-4DAB-9DFD-86C7A605014C}.Release|Any CPU.ActiveCfg = Release|Any CPU
		{2A6C33AD-C90D-4DAB-9DFD-86C7A605014C}.Release|Any CPU.Build.0 = Release|Any CPU
	EndGlobalSection
	GlobalSection(SolutionProperties) = preSolution
		HideSolutionNode = FALSE
	EndGlobalSection
	GlobalSection(ExtensibilityGlobals) = postSolution
		SolutionGuid = {040E6A26-3F93-4176-9F18-21E569BC379D}
	EndGlobalSection
EndGlobal
