
Microsoft Visual Studio Solution File, Format Version 12.00
# Visual Studio Version 17
VisualStudioVersion = 17.11.35312.102
MinimumVisualStudioVersion = 10.0.40219.1
Project("{FAE04EC0-301F-11D3-BF4B-00C04F79EFBC}") = "Lec_24_Oct", "Lec_24_Oct\Lec_24_Oct.csproj", "{35BB2A9A-6476-46FC-BD7D-D296782FA473}"
EndProject
Global
	GlobalSection(SolutionConfigurationPlatforms) = preSolution
		Debug|Any CPU = Debug|Any CPU
		Release|Any CPU = Release|Any CPU
	EndGlobalSection
	GlobalSection(ProjectConfigurationPlatforms) = postSolution
		{35BB2A9A-6476-46FC-BD7D-D296782FA473}.Debug|Any CPU.ActiveCfg = Debug|Any CPU
		{35BB2A9A-6476-46FC-BD7D-D296782FA473}.Debug|Any CPU.Build.0 = Debug|Any CPU
		{35BB2A9A-6476-46FC-BD7D-D296782FA473}.Release|Any CPU.ActiveCfg = Release|Any CPU
		{35BB2A9A-6476-46FC-BD7D-D296782FA473}.Release|Any CPU.Build.0 = Release|Any CPU
	EndGlobalSection
	GlobalSection(SolutionProperties) = preSolution
		HideSolutionNode = FALSE
	EndGlobalSection
	GlobalSection(ExtensibilityGlobals) = postSolution
		SolutionGuid = {D78030F3-3185-47DE-85B3-E6051FD2BF03}
	EndGlobalSection
EndGlobal
